
Microsoft Visual Studio Solution File, Format Version 12.00
# Visual Studio Version 17
VisualStudioVersion = 17.0.31903.59
MinimumVisualStudioVersion = 10.0.40219.1
Project("{2150E333-8FDC-42A3-9474-1A3956D46DE8}") = "src", "src", "{168C60FC-AEAB-4954-B2D5-3F83BA128395}"
EndProject
Project("{FAE04EC0-301F-11D3-BF4B-00C04F79EFBC}") = "AuctionService", "src\AuctionService\AuctionService.csproj", "{CE8736D4-C932-469A-BAFB-E9BEDB2A8D6B}"
EndProject
Project("{FAE04EC0-301F-11D3-BF4B-00C04F79EFBC}") = "SearchService", "src\SearchService\SearchService.csproj", "{54C2505B-3C53-4814-9AA2-1431714A0A67}"
EndProject
Project("{FAE04EC0-301F-11D3-BF4B-00C04F79EFBC}") = "Contracts", "src\Contracts\Contracts.csproj", "{F00B51DE-FB10-4496-9406-7E4743D5457B}"
EndProject
Project("{FAE04EC0-301F-11D3-BF4B-00C04F79EFBC}") = "IdentityService", "src\IdentityService\IdentityService.csproj", "{5E8CEDA1-08DD-4068-A353-96600994FFFF}"
EndProject
Project("{FAE04EC0-301F-11D3-BF4B-00C04F79EFBC}") = "GatewayService", "src\GatewayService\GatewayService.csproj", "{961478E2-1F6E-4FD7-9CF3-5A65ED1CEE2F}"
EndProject
Global
	GlobalSection(SolutionConfigurationPlatforms) = preSolution
		Debug|Any CPU = Debug|Any CPU
		Release|Any CPU = Release|Any CPU
	EndGlobalSection
	GlobalSection(SolutionProperties) = preSolution
		HideSolutionNode = FALSE
	EndGlobalSection
	GlobalSection(ProjectConfigurationPlatforms) = postSolution
		{CE8736D4-C932-469A-BAFB-E9BEDB2A8D6B}.Debug|Any CPU.ActiveCfg = Debug|Any CPU
		{CE8736D4-C932-469A-BAFB-E9BEDB2A8D6B}.Debug|Any CPU.Build.0 = Debug|Any CPU
		{CE8736D4-C932-469A-BAFB-E9BEDB2A8D6B}.Release|Any CPU.ActiveCfg = Release|Any CPU
		{CE8736D4-C932-469A-BAFB-E9BEDB2A8D6B}.Release|Any CPU.Build.0 = Release|Any CPU
		{54C2505B-3C53-4814-9AA2-1431714A0A67}.Debug|Any CPU.ActiveCfg = Debug|Any CPU
		{54C2505B-3C53-4814-9AA2-1431714A0A67}.Debug|Any CPU.Build.0 = Debug|Any CPU
		{54C2505B-3C53-4814-9AA2-1431714A0A67}.Release|Any CPU.ActiveCfg = Release|Any CPU
		{54C2505B-3C53-4814-9AA2-1431714A0A67}.Release|Any CPU.Build.0 = Release|Any CPU
		{F00B51DE-FB10-4496-9406-7E4743D5457B}.Debug|Any CPU.ActiveCfg = Debug|Any CPU
		{F00B51DE-FB10-4496-9406-7E4743D5457B}.Debug|Any CPU.Build.0 = Debug|Any CPU
		{F00B51DE-FB10-4496-9406-7E4743D5457B}.Release|Any CPU.ActiveCfg = Release|Any CPU
		{F00B51DE-FB10-4496-9406-7E4743D5457B}.Release|Any CPU.Build.0 = Release|Any CPU
		{5E8CEDA1-08DD-4068-A353-96600994FFFF}.Debug|Any CPU.ActiveCfg = Debug|Any CPU
		{5E8CEDA1-08DD-4068-A353-96600994FFFF}.Debug|Any CPU.Build.0 = Debug|Any CPU
		{5E8CEDA1-08DD-4068-A353-96600994FFFF}.Release|Any CPU.ActiveCfg = Release|Any CPU
		{5E8CEDA1-08DD-4068-A353-96600994FFFF}.Release|Any CPU.Build.0 = Release|Any CPU
		{961478E2-1F6E-4FD7-9CF3-5A65ED1CEE2F}.Debug|Any CPU.ActiveCfg = Debug|Any CPU
		{961478E2-1F6E-4FD7-9CF3-5A65ED1CEE2F}.Debug|Any CPU.Build.0 = Debug|Any CPU
		{961478E2-1F6E-4FD7-9CF3-5A65ED1CEE2F}.Release|Any CPU.ActiveCfg = Release|Any CPU
		{961478E2-1F6E-4FD7-9CF3-5A65ED1CEE2F}.Release|Any CPU.Build.0 = Release|Any CPU
	EndGlobalSection
	GlobalSection(NestedProjects) = preSolution
		{CE8736D4-C932-469A-BAFB-E9BEDB2A8D6B} = {168C60FC-AEAB-4954-B2D5-3F83BA128395}
		{54C2505B-3C53-4814-9AA2-1431714A0A67} = {168C60FC-AEAB-4954-B2D5-3F83BA128395}
		{F00B51DE-FB10-4496-9406-7E4743D5457B} = {168C60FC-AEAB-4954-B2D5-3F83BA128395}
		{5E8CEDA1-08DD-4068-A353-96600994FFFF} = {168C60FC-AEAB-4954-B2D5-3F83BA128395}
		{961478E2-1F6E-4FD7-9CF3-5A65ED1CEE2F} = {168C60FC-AEAB-4954-B2D5-3F83BA128395}
	EndGlobalSection
EndGlobal
